
Microsoft Visual Studio Solution File, Format Version 12.00
# Visual Studio Version 17
VisualStudioVersion = 17.4.33122.133
MinimumVisualStudioVersion = 10.0.40219.1
Project("{FAE04EC0-301F-11D3-BF4B-00C04F79EFBC}") = "Notify.Api", "Notify.Api\Notify.Api.csproj", "{A08E9B80-F2A2-43C6-9844-A7D0083366A2}"
EndProject
Global
	GlobalSection(SolutionConfigurationPlatforms) = preSolution
		Debug|Any CPU = Debug|Any CPU
		Release|Any CPU = Release|Any CPU
	EndGlobalSection
	GlobalSection(ProjectConfigurationPlatforms) = postSolution
		{A08E9B80-F2A2-43C6-9844-A7D0083366A2}.Debug|Any CPU.ActiveCfg = Debug|Any CPU
		{A08E9B80-F2A2-43C6-9844-A7D0083366A2}.Debug|Any CPU.Build.0 = Debug|Any CPU
		{A08E9B80-F2A2-43C6-9844-A7D0083366A2}.Release|Any CPU.ActiveCfg = Release|Any CPU
		{A08E9B80-F2A2-43C6-9844-A7D0083366A2}.Release|Any CPU.Build.0 = Release|Any CPU
	EndGlobalSection
	GlobalSection(SolutionProperties) = preSolution
		HideSolutionNode = FALSE
	EndGlobalSection
	GlobalSection(ExtensibilityGlobals) = postSolution
		SolutionGuid = {24FA359A-2831-4BC3-BD8B-92D35DE71C8B}
	EndGlobalSection
EndGlobal
